
Microsoft Visual Studio Solution File, Format Version 12.00
# Visual Studio Version 17
VisualStudioVersion = 17.14.36221.1 d17.14
MinimumVisualStudioVersion = 10.0.40219.1
Project("{FAE04EC0-301F-11D3-BF4B-00C04F79EFBC}") = "ITI_MVC", "ITI_MVC.csproj", "{3EEDA068-2479-42CD-8E73-CEFEE4885059}"
EndProject
Global
	GlobalSection(SolutionConfigurationPlatforms) = preSolution
		Debug|Any CPU = Debug|Any CPU
		Release|Any CPU = Release|Any CPU
	EndGlobalSection
	GlobalSection(ProjectConfigurationPlatforms) = postSolution
		{3EEDA068-2479-42CD-8E73-CEFEE4885059}.Debug|Any CPU.ActiveCfg = Debug|Any CPU
		{3EEDA068-2479-42CD-8E73-CEFEE4885059}.Debug|Any CPU.Build.0 = Debug|Any CPU
		{3EEDA068-2479-42CD-8E73-CEFEE4885059}.Release|Any CPU.ActiveCfg = Release|Any CPU
		{3EEDA068-2479-42CD-8E73-CEFEE4885059}.Release|Any CPU.Build.0 = Release|Any CPU
	EndGlobalSection
	GlobalSection(SolutionProperties) = preSolution
		HideSolutionNode = FALSE
	EndGlobalSection
	GlobalSection(ExtensibilityGlobals) = postSolution
		SolutionGuid = {C45437ED-20A9-4AAF-920B-D1581A52DE3D}
	EndGlobalSection
EndGlobal
